{
  "name": "spend-mosaic",
  "version": "0.1.0",
  "lockfileVersion": 3,
  "requires": true,
  "packages": {
    "": {
      "name": "spend-mosaic",
      "version": "0.1.0",
      "dependencies": {
        "spend-mosaic": "file:"
      }
    },
    "node_modules/spend-mosaic": {
      "version": "0.1.0",
      "resolved": "file:",
      "dependencies": {
        "spend-mosaic": "file:"
      }
    }
  }
}
