{
  "name": "expensify",
  "version": "0.1.0",
  "lockfileVersion": 3,
  "requires": true,
  "packages": {
    "": {
      "name": "expensify",
      "version": "0.1.0",
      "dependencies": {
        "expensify": "file:"
      }
    },
    "node_modules/expensify": {
      "resolved": "",
      "link": true
    }
  }
}
